
Microsoft Visual Studio Solution File, Format Version 12.00
# Visual Studio Version 17
VisualStudioVersion = 17.5.33424.131
MinimumVisualStudioVersion = 10.0.40219.1
Project("{9A19103F-16F7-4668-BE54-9A1E7A4F7556}") = "Main", "AdventOfCode2023\Main\Main.csproj", "{E9E6D5DF-6B69-4B71-BBC6-36739792671E}"
EndProject
Project("{9A19103F-16F7-4668-BE54-9A1E7A4F7556}") = "Services", "AdventOfCode2023\Services\Services.csproj", "{0C0F7930-AE51-4512-BE7B-176D8B2C6413}"
EndProject
Project("{9A19103F-16F7-4668-BE54-9A1E7A4F7556}") = "Day1", "AdventOfCode2023\Day1\Day1.csproj", "{108F7136-73DB-4A6C-BF1A-A8A1E5D1C31B}"
EndProject
Project("{2150E333-8FDC-42A3-9474-1A3956D46DE8}") = "Days", "Days", "{EFE62095-D986-4795-BCCC-953A87D2204D}"
EndProject
Project("{FAE04EC0-301F-11D3-BF4B-00C04F79EFBC}") = "Day2", "Day2\Day2.csproj", "{A88352C3-D699-4EDE-BA52-DCAA261F8B30}"
EndProject
Global
	GlobalSection(SolutionConfigurationPlatforms) = preSolution
		Debug|Any CPU = Debug|Any CPU
		Release|Any CPU = Release|Any CPU
	EndGlobalSection
	GlobalSection(ProjectConfigurationPlatforms) = postSolution
		{E9E6D5DF-6B69-4B71-BBC6-36739792671E}.Debug|Any CPU.ActiveCfg = Debug|Any CPU
		{E9E6D5DF-6B69-4B71-BBC6-36739792671E}.Debug|Any CPU.Build.0 = Debug|Any CPU
		{E9E6D5DF-6B69-4B71-BBC6-36739792671E}.Release|Any CPU.ActiveCfg = Release|Any CPU
		{E9E6D5DF-6B69-4B71-BBC6-36739792671E}.Release|Any CPU.Build.0 = Release|Any CPU
		{0C0F7930-AE51-4512-BE7B-176D8B2C6413}.Debug|Any CPU.ActiveCfg = Debug|Any CPU
		{0C0F7930-AE51-4512-BE7B-176D8B2C6413}.Debug|Any CPU.Build.0 = Debug|Any CPU
		{0C0F7930-AE51-4512-BE7B-176D8B2C6413}.Release|Any CPU.ActiveCfg = Release|Any CPU
		{0C0F7930-AE51-4512-BE7B-176D8B2C6413}.Release|Any CPU.Build.0 = Release|Any CPU
		{108F7136-73DB-4A6C-BF1A-A8A1E5D1C31B}.Debug|Any CPU.ActiveCfg = Debug|Any CPU
		{108F7136-73DB-4A6C-BF1A-A8A1E5D1C31B}.Debug|Any CPU.Build.0 = Debug|Any CPU
		{108F7136-73DB-4A6C-BF1A-A8A1E5D1C31B}.Release|Any CPU.ActiveCfg = Release|Any CPU
		{108F7136-73DB-4A6C-BF1A-A8A1E5D1C31B}.Release|Any CPU.Build.0 = Release|Any CPU
		{A88352C3-D699-4EDE-BA52-DCAA261F8B30}.Debug|Any CPU.ActiveCfg = Debug|Any CPU
		{A88352C3-D699-4EDE-BA52-DCAA261F8B30}.Debug|Any CPU.Build.0 = Debug|Any CPU
		{A88352C3-D699-4EDE-BA52-DCAA261F8B30}.Release|Any CPU.ActiveCfg = Release|Any CPU
		{A88352C3-D699-4EDE-BA52-DCAA261F8B30}.Release|Any CPU.Build.0 = Release|Any CPU
	EndGlobalSection
	GlobalSection(SolutionProperties) = preSolution
		HideSolutionNode = FALSE
	EndGlobalSection
	GlobalSection(NestedProjects) = preSolution
		{108F7136-73DB-4A6C-BF1A-A8A1E5D1C31B} = {EFE62095-D986-4795-BCCC-953A87D2204D}
		{A88352C3-D699-4EDE-BA52-DCAA261F8B30} = {EFE62095-D986-4795-BCCC-953A87D2204D}
	EndGlobalSection
	GlobalSection(ExtensibilityGlobals) = postSolution
		SolutionGuid = {62A57367-856B-41AC-8EF4-7A8250231A2D}
	EndGlobalSection
EndGlobal
